
Microsoft Visual Studio Solution File, Format Version 12.00
# Visual Studio Version 17
VisualStudioVersion = 17.0.31903.59
MinimumVisualStudioVersion = 10.0.40219.1
Project("{FAE04EC0-301F-11D3-BF4B-00C04F79EFBC}") = "GameHub.API", "api\GameHub.API.csproj", "{5C1070D1-2598-4B6B-A23E-B6CB3EA14E17}"
EndProject
Project("{2150E333-8FDC-42A3-9474-1A3956D46DE8}") = "services", "services", "{3B8610B9-648A-437A-A4A8-0DB62AC58D40}"
EndProject
Project("{FAE04EC0-301F-11D3-BF4B-00C04F79EFBC}") = "GameHub.GomokuEngine", "services\GomokuEngine\GameHub.GomokuEngine.csproj", "{94C9AF47-2AC8-4191-A502-A7A53EAF7028}"
EndProject
Global
	GlobalSection(SolutionConfigurationPlatforms) = preSolution
		Debug|Any CPU = Debug|Any CPU
		Release|Any CPU = Release|Any CPU
	EndGlobalSection
	GlobalSection(SolutionProperties) = preSolution
		HideSolutionNode = FALSE
	EndGlobalSection
	GlobalSection(ProjectConfigurationPlatforms) = postSolution
		{5C1070D1-2598-4B6B-A23E-B6CB3EA14E17}.Debug|Any CPU.ActiveCfg = Debug|Any CPU
		{5C1070D1-2598-4B6B-A23E-B6CB3EA14E17}.Debug|Any CPU.Build.0 = Debug|Any CPU
		{5C1070D1-2598-4B6B-A23E-B6CB3EA14E17}.Release|Any CPU.ActiveCfg = Release|Any CPU
		{5C1070D1-2598-4B6B-A23E-B6CB3EA14E17}.Release|Any CPU.Build.0 = Release|Any CPU
		{94C9AF47-2AC8-4191-A502-A7A53EAF7028}.Debug|Any CPU.ActiveCfg = Debug|Any CPU
		{94C9AF47-2AC8-4191-A502-A7A53EAF7028}.Debug|Any CPU.Build.0 = Debug|Any CPU
		{94C9AF47-2AC8-4191-A502-A7A53EAF7028}.Release|Any CPU.ActiveCfg = Release|Any CPU
		{94C9AF47-2AC8-4191-A502-A7A53EAF7028}.Release|Any CPU.Build.0 = Release|Any CPU
	EndGlobalSection
	GlobalSection(NestedProjects) = preSolution
		{94C9AF47-2AC8-4191-A502-A7A53EAF7028} = {3B8610B9-648A-437A-A4A8-0DB62AC58D40}
	EndGlobalSection
EndGlobal
